
Microsoft Visual Studio Solution File, Format Version 12.00
# Visual Studio 15
VisualStudioVersion = 15.0.27004.2010
MinimumVisualStudioVersion = 10.0.40219.1
Project("{FAE04EC0-301F-11D3-BF4B-00C04F79EFBC}") = "DatabaseModels", "DatabaseModels\DatabaseModels.csproj", "{7A6D823A-EDC8-4CEE-B9C6-082C8AC70724}"
EndProject
Project("{FAE04EC0-301F-11D3-BF4B-00C04F79EFBC}") = "DatabaseManipulation", "DatabaseManipulation\DatabaseManipulation.csproj", "{6B2A9B22-5C1D-4CC2-AA45-38996C63AF00}"
EndProject
Project("{FAE04EC0-301F-11D3-BF4B-00C04F79EFBC}") = "ManipulatorTest", "ManipulatorTest\ManipulatorTest.csproj", "{130E3320-42B5-4785-B690-E7CD1EC55563}"
EndProject
Project("{E24C65DC-7377-472B-9ABA-BC803B73C61A}") = "DBWebsite(1)", "DBWebsite\", "{A167EB2A-0C71-4CF7-AB4E-353888BE80F4}"
	ProjectSection(WebsiteProperties) = preProject
		TargetFrameworkMoniker = ".NETFramework,Version%3Dv4.5.2"
		Debug.AspNetCompiler.VirtualPath = "/localhost_59062"
		Debug.AspNetCompiler.PhysicalPath = "DBWebsite\"
		Debug.AspNetCompiler.TargetPath = "PrecompiledWeb\localhost_59062\"
		Debug.AspNetCompiler.Updateable = "true"
		Debug.AspNetCompiler.ForceOverwrite = "true"
		Debug.AspNetCompiler.FixedNames = "false"
		Debug.AspNetCompiler.Debug = "True"
		Release.AspNetCompiler.VirtualPath = "/localhost_59062"
		Release.AspNetCompiler.PhysicalPath = "DBWebsite\"
		Release.AspNetCompiler.TargetPath = "PrecompiledWeb\localhost_59062\"
		Release.AspNetCompiler.Updateable = "true"
		Release.AspNetCompiler.ForceOverwrite = "true"
		Release.AspNetCompiler.FixedNames = "false"
		Release.AspNetCompiler.Debug = "False"
		VWDPort = "59062"
		SlnRelativePath = "DBWebsite\"
	EndProjectSection
EndProject
Global
	GlobalSection(SolutionConfigurationPlatforms) = preSolution
		Debug|Any CPU = Debug|Any CPU
		Release|Any CPU = Release|Any CPU
	EndGlobalSection
	GlobalSection(ProjectConfigurationPlatforms) = postSolution
		{7A6D823A-EDC8-4CEE-B9C6-082C8AC70724}.Debug|Any CPU.ActiveCfg = Debug|Any CPU
		{7A6D823A-EDC8-4CEE-B9C6-082C8AC70724}.Debug|Any CPU.Build.0 = Debug|Any CPU
		{7A6D823A-EDC8-4CEE-B9C6-082C8AC70724}.Release|Any CPU.ActiveCfg = Release|Any CPU
		{7A6D823A-EDC8-4CEE-B9C6-082C8AC70724}.Release|Any CPU.Build.0 = Release|Any CPU
		{6B2A9B22-5C1D-4CC2-AA45-38996C63AF00}.Debug|Any CPU.ActiveCfg = Debug|Any CPU
		{6B2A9B22-5C1D-4CC2-AA45-38996C63AF00}.Debug|Any CPU.Build.0 = Debug|Any CPU
		{6B2A9B22-5C1D-4CC2-AA45-38996C63AF00}.Release|Any CPU.ActiveCfg = Release|Any CPU
		{6B2A9B22-5C1D-4CC2-AA45-38996C63AF00}.Release|Any CPU.Build.0 = Release|Any CPU
		{130E3320-42B5-4785-B690-E7CD1EC55563}.Debug|Any CPU.ActiveCfg = Debug|Any CPU
		{130E3320-42B5-4785-B690-E7CD1EC55563}.Debug|Any CPU.Build.0 = Debug|Any CPU
		{130E3320-42B5-4785-B690-E7CD1EC55563}.Release|Any CPU.ActiveCfg = Release|Any CPU
		{130E3320-42B5-4785-B690-E7CD1EC55563}.Release|Any CPU.Build.0 = Release|Any CPU
		{A167EB2A-0C71-4CF7-AB4E-353888BE80F4}.Debug|Any CPU.ActiveCfg = Debug|Any CPU
		{A167EB2A-0C71-4CF7-AB4E-353888BE80F4}.Debug|Any CPU.Build.0 = Debug|Any CPU
		{A167EB2A-0C71-4CF7-AB4E-353888BE80F4}.Release|Any CPU.ActiveCfg = Debug|Any CPU
		{A167EB2A-0C71-4CF7-AB4E-353888BE80F4}.Release|Any CPU.Build.0 = Debug|Any CPU
	EndGlobalSection
	GlobalSection(SolutionProperties) = preSolution
		HideSolutionNode = FALSE
	EndGlobalSection
	GlobalSection(ExtensibilityGlobals) = postSolution
		SolutionGuid = {B72225AB-C9C1-496E-9D09-3BE7FB6147EF}
	EndGlobalSection
EndGlobal
